
Microsoft Visual Studio Solution File, Format Version 12.00
# Visual Studio Version 17
VisualStudioVersion = 17.10.35004.147
MinimumVisualStudioVersion = 10.0.40219.1
Project("{FAE04EC0-301F-11D3-BF4B-00C04F79EFBC}") = "Week3-Q-Classes-Videogame", "Week3-Q-Classes-Videogame\Week3-Q-Classes-Videogame.csproj", "{05577B3E-03AF-4836-88F1-FFE6A8621CCF}"
EndProject
Global
	GlobalSection(SolutionConfigurationPlatforms) = preSolution
		Debug|Any CPU = Debug|Any CPU
		Release|Any CPU = Release|Any CPU
	EndGlobalSection
	GlobalSection(ProjectConfigurationPlatforms) = postSolution
		{05577B3E-03AF-4836-88F1-FFE6A8621CCF}.Debug|Any CPU.ActiveCfg = Debug|Any CPU
		{05577B3E-03AF-4836-88F1-FFE6A8621CCF}.Debug|Any CPU.Build.0 = Debug|Any CPU
		{05577B3E-03AF-4836-88F1-FFE6A8621CCF}.Release|Any CPU.ActiveCfg = Release|Any CPU
		{05577B3E-03AF-4836-88F1-FFE6A8621CCF}.Release|Any CPU.Build.0 = Release|Any CPU
	EndGlobalSection
	GlobalSection(SolutionProperties) = preSolution
		HideSolutionNode = FALSE
	EndGlobalSection
	GlobalSection(ExtensibilityGlobals) = postSolution
		SolutionGuid = {94552847-C4E2-4EBA-AE6D-230CE90678DC}
	EndGlobalSection
EndGlobal
